// !$*UTF8*$!
{
	archiveVersion = 1;
	classes = {
	};
	objectVersion = 50;
	objects = {

/* Begin PBXBuildFile section */
		821D0F16234B459C00ACF966 /* AppDelegate.swift in Sources */ = {isa = PBXBuildFile; fileRef = 821D0F15234B459C00ACF966 /* AppDelegate.swift */; };
		821D0F18234B459C00ACF966 /* SceneDelegate.swift in Sources */ = {isa = PBXBuildFile; fileRef = 821D0F17234B459C00ACF966 /* SceneDelegate.swift */; };
		821D0F1D234B459C00ACF966 /* Main.storyboard in Resources */ = {isa = PBXBuildFile; fileRef = 821D0F1B234B459C00ACF966 /* Main.storyboard */; };
		821D0F1F234B459E00ACF966 /* Assets.xcassets in Resources */ = {isa = PBXBuildFile; fileRef = 821D0F1E234B459E00ACF966 /* Assets.xcassets */; };
		821D0F22234B459E00ACF966 /* LaunchScreen.storyboard in Resources */ = {isa = PBXBuildFile; fileRef = 821D0F20234B459E00ACF966 /* LaunchScreen.storyboard */; };
		821D0F2D234B459E00ACF966 /* ImgurViewerTests.swift in Sources */ = {isa = PBXBuildFile; fileRef = 821D0F2C234B459E00ACF966 /* ImgurViewerTests.swift */; };
		821D0F38234B459E00ACF966 /* ImgurViewerUITests.swift in Sources */ = {isa = PBXBuildFile; fileRef = 821D0F37234B459E00ACF966 /* ImgurViewerUITests.swift */; };
		821D0F60234B45BA00ACF966 /* ImageModel.swift in Sources */ = {isa = PBXBuildFile; fileRef = 821D0F46234B45BA00ACF966 /* ImageModel.swift */; };
		821D0F62234B45BA00ACF966 /* ImagesListViewController.swift in Sources */ = {isa = PBXBuildFile; fileRef = 821D0F4A234B45BA00ACF966 /* ImagesListViewController.swift */; };
		821D0F63234B45BA00ACF966 /* ParameterEncoding.swift in Sources */ = {isa = PBXBuildFile; fileRef = 821D0F4D234B45BA00ACF966 /* ParameterEncoding.swift */; };
		821D0F64234B45BA00ACF966 /* URLParameterEncoding.swift in Sources */ = {isa = PBXBuildFile; fileRef = 821D0F4E234B45BA00ACF966 /* URLParameterEncoding.swift */; };
		821D0F65234B45BA00ACF966 /* JSONParameterEncoder.swift in Sources */ = {isa = PBXBuildFile; fileRef = 821D0F4F234B45BA00ACF966 /* JSONParameterEncoder.swift */; };
		821D0F66234B45BA00ACF966 /* BodyURLParameterEncoding.swift in Sources */ = {isa = PBXBuildFile; fileRef = 821D0F50234B45BA00ACF966 /* BodyURLParameterEncoding.swift */; };
		821D0F67234B45BA00ACF966 /* NetworkManager.swift in Sources */ = {isa = PBXBuildFile; fileRef = 821D0F52234B45BA00ACF966 /* NetworkManager.swift */; };
		821D0F68234B45BA00ACF966 /* EndPointOptions.swift in Sources */ = {isa = PBXBuildFile; fileRef = 821D0F54234B45BA00ACF966 /* EndPointOptions.swift */; };
		821D0F69234B45BA00ACF966 /* HTTPTask.swift in Sources */ = {isa = PBXBuildFile; fileRef = 821D0F56234B45BA00ACF966 /* HTTPTask.swift */; };
		821D0F6A234B45BA00ACF966 /* HTTPMethod.swift in Sources */ = {isa = PBXBuildFile; fileRef = 821D0F57234B45BA00ACF966 /* HTTPMethod.swift */; };
		821D0F6B234B45BA00ACF966 /* Router.swift in Sources */ = {isa = PBXBuildFile; fileRef = 821D0F58234B45BA00ACF966 /* Router.swift */; };
		821D0F6C234B45BA00ACF966 /* NetworkLogger.swift in Sources */ = {isa = PBXBuildFile; fileRef = 821D0F59234B45BA00ACF966 /* NetworkLogger.swift */; };
		821D0F6D234B45BA00ACF966 /* EndPointType.swift in Sources */ = {isa = PBXBuildFile; fileRef = 821D0F5A234B45BA00ACF966 /* EndPointType.swift */; };
		821D0F6E234B45BA00ACF966 /* ImagesEndpoints.swift in Sources */ = {isa = PBXBuildFile; fileRef = 821D0F5D234B45BA00ACF966 /* ImagesEndpoints.swift */; };
		821D0F6F234B45BA00ACF966 /* ImagesNetworkManager.swift in Sources */ = {isa = PBXBuildFile; fileRef = 821D0F5E234B45BA00ACF966 /* ImagesNetworkManager.swift */; };
		821D0F70234B45BA00ACF966 /* ImagesListViewModel.swift in Sources */ = {isa = PBXBuildFile; fileRef = 821D0F5F234B45BA00ACF966 /* ImagesListViewModel.swift */; };
		821D0F72234B47FF00ACF966 /* ImageViewCell.swift in Sources */ = {isa = PBXBuildFile; fileRef = 821D0F71234B47FF00ACF966 /* ImageViewCell.swift */; };
		821D0F74234B4C2700ACF966 /* Constants.swift in Sources */ = {isa = PBXBuildFile; fileRef = 821D0F73234B4C2700ACF966 /* Constants.swift */; };
		8290BA1B234B867900160054 /* ImageCacher.swift in Sources */ = {isa = PBXBuildFile; fileRef = 8290BA1A234B867900160054 /* ImageCacher.swift */; };
		8290BA1D234C0CC200160054 /* ImageDetailViewController.swift in Sources */ = {isa = PBXBuildFile; fileRef = 8290BA1C234C0CC200160054 /* ImageDetailViewController.swift */; };
		8290BA1F234C0EB500160054 /* CommentViewCell.swift in Sources */ = {isa = PBXBuildFile; fileRef = 8290BA1E234C0EB500160054 /* CommentViewCell.swift */; };
		8290BA21234C102F00160054 /* CommentModels.swift in Sources */ = {isa = PBXBuildFile; fileRef = 8290BA20234C102F00160054 /* CommentModels.swift */; };
		8290BA23234C151600160054 /* ImageDetailViewModel.swift in Sources */ = {isa = PBXBuildFile; fileRef = 8290BA22234C151600160054 /* ImageDetailViewModel.swift */; };
/* End PBXBuildFile section */

/* Begin PBXContainerItemProxy section */
		821D0F29234B459E00ACF966 /* PBXContainerItemProxy */ = {
			isa = PBXContainerItemProxy;
			containerPortal = 821D0F0A234B459C00ACF966 /* Project object */;
			proxyType = 1;
			remoteGlobalIDString = 821D0F11234B459C00ACF966;
			remoteInfo = ImgurViewer;
		};
		821D0F34234B459E00ACF966 /* PBXContainerItemProxy */ = {
			isa = PBXContainerItemProxy;
			containerPortal = 821D0F0A234B459C00ACF966 /* Project object */;
			proxyType = 1;
			remoteGlobalIDString = 821D0F11234B459C00ACF966;
			remoteInfo = ImgurViewer;
		};
/* End PBXContainerItemProxy section */

/* Begin PBXFileReference section */
		821D0F12234B459C00ACF966 /* ImgurViewer.app */ = {isa = PBXFileReference; explicitFileType = wrapper.application; includeInIndex = 0; path = ImgurViewer.app; sourceTree = BUILT_PRODUCTS_DIR; };
		821D0F15234B459C00ACF966 /* AppDelegate.swift */ = {isa = PBXFileReference; lastKnownFileType = sourcecode.swift; path = AppDelegate.swift; sourceTree = "<group>"; };
		821D0F17234B459C00ACF966 /* SceneDelegate.swift */ = {isa = PBXFileReference; lastKnownFileType = sourcecode.swift; path = SceneDelegate.swift; sourceTree = "<group>"; };
		821D0F1C234B459C00ACF966 /* Base */ = {isa = PBXFileReference; lastKnownFileType = file.storyboard; name = Base; path = Base.lproj/Main.storyboard; sourceTree = "<group>"; };
		821D0F1E234B459E00ACF966 /* Assets.xcassets */ = {isa = PBXFileReference; lastKnownFileType = folder.assetcatalog; path = Assets.xcassets; sourceTree = "<group>"; };
		821D0F21234B459E00ACF966 /* Base */ = {isa = PBXFileReference; lastKnownFileType = file.storyboard; name = Base; path = Base.lproj/LaunchScreen.storyboard; sourceTree = "<group>"; };
		821D0F23234B459E00ACF966 /* Info.plist */ = {isa = PBXFileReference; lastKnownFileType = text.plist.xml; path = Info.plist; sourceTree = "<group>"; };
		821D0F28234B459E00ACF966 /* ImgurViewerTests.xctest */ = {isa = PBXFileReference; explicitFileType = wrapper.cfbundle; includeInIndex = 0; path = ImgurViewerTests.xctest; sourceTree = BUILT_PRODUCTS_DIR; };
		821D0F2C234B459E00ACF966 /* ImgurViewerTests.swift */ = {isa = PBXFileReference; lastKnownFileType = sourcecode.swift; path = ImgurViewerTests.swift; sourceTree = "<group>"; };
		821D0F2E234B459E00ACF966 /* Info.plist */ = {isa = PBXFileReference; lastKnownFileType = text.plist.xml; path = Info.plist; sourceTree = "<group>"; };
		821D0F33234B459E00ACF966 /* ImgurViewerUITests.xctest */ = {isa = PBXFileReference; explicitFileType = wrapper.cfbundle; includeInIndex = 0; path = ImgurViewerUITests.xctest; sourceTree = BUILT_PRODUCTS_DIR; };
		821D0F37234B459E00ACF966 /* ImgurViewerUITests.swift */ = {isa = PBXFileReference; lastKnownFileType = sourcecode.swift; path = ImgurViewerUITests.swift; sourceTree = "<group>"; };
		821D0F39234B459E00ACF966 /* Info.plist */ = {isa = PBXFileReference; lastKnownFileType = text.plist.xml; path = Info.plist; sourceTree = "<group>"; };
		821D0F46234B45BA00ACF966 /* ImageModel.swift */ = {isa = PBXFileReference; fileEncoding = 4; lastKnownFileType = sourcecode.swift; path = ImageModel.swift; sourceTree = "<group>"; };
		821D0F4A234B45BA00ACF966 /* ImagesListViewController.swift */ = {isa = PBXFileReference; fileEncoding = 4; lastKnownFileType = sourcecode.swift; path = ImagesListViewController.swift; sourceTree = "<group>"; };
		821D0F4D234B45BA00ACF966 /* ParameterEncoding.swift */ = {isa = PBXFileReference; fileEncoding = 4; lastKnownFileType = sourcecode.swift; path = ParameterEncoding.swift; sourceTree = "<group>"; };
		821D0F4E234B45BA00ACF966 /* URLParameterEncoding.swift */ = {isa = PBXFileReference; fileEncoding = 4; lastKnownFileType = sourcecode.swift; path = URLParameterEncoding.swift; sourceTree = "<group>"; };
		821D0F4F234B45BA00ACF966 /* JSONParameterEncoder.swift */ = {isa = PBXFileReference; fileEncoding = 4; lastKnownFileType = sourcecode.swift; path = JSONParameterEncoder.swift; sourceTree = "<group>"; };
		821D0F50234B45BA00ACF966 /* BodyURLParameterEncoding.swift */ = {isa = PBXFileReference; fileEncoding = 4; lastKnownFileType = sourcecode.swift; path = BodyURLParameterEncoding.swift; sourceTree = "<group>"; };
		821D0F52234B45BA00ACF966 /* NetworkManager.swift */ = {isa = PBXFileReference; fileEncoding = 4; lastKnownFileType = sourcecode.swift; path = NetworkManager.swift; sourceTree = "<group>"; };
		821D0F54234B45BA00ACF966 /* EndPointOptions.swift */ = {isa = PBXFileReference; fileEncoding = 4; lastKnownFileType = sourcecode.swift; path = EndPointOptions.swift; sourceTree = "<group>"; };
		821D0F56234B45BA00ACF966 /* HTTPTask.swift */ = {isa = PBXFileReference; fileEncoding = 4; lastKnownFileType = sourcecode.swift; path = HTTPTask.swift; sourceTree = "<group>"; };
		821D0F57234B45BA00ACF966 /* HTTPMethod.swift */ = {isa = PBXFileReference; fileEncoding = 4; lastKnownFileType = sourcecode.swift; path = HTTPMethod.swift; sourceTree = "<group>"; };
		821D0F58234B45BA00ACF966 /* Router.swift */ = {isa = PBXFileReference; fileEncoding = 4; lastKnownFileType = sourcecode.swift; path = Router.swift; sourceTree = "<group>"; };
		821D0F59234B45BA00ACF966 /* NetworkLogger.swift */ = {isa = PBXFileReference; fileEncoding = 4; lastKnownFileType = sourcecode.swift; path = NetworkLogger.swift; sourceTree = "<group>"; };
		821D0F5A234B45BA00ACF966 /* EndPointType.swift */ = {isa = PBXFileReference; fileEncoding = 4; lastKnownFileType = sourcecode.swift; path = EndPointType.swift; sourceTree = "<group>"; };
		821D0F5D234B45BA00ACF966 /* ImagesEndpoints.swift */ = {isa = PBXFileReference; fileEncoding = 4; lastKnownFileType = sourcecode.swift; path = ImagesEndpoints.swift; sourceTree = "<group>"; };
		821D0F5E234B45BA00ACF966 /* ImagesNetworkManager.swift */ = {isa = PBXFileReference; fileEncoding = 4; lastKnownFileType = sourcecode.swift; path = ImagesNetworkManager.swift; sourceTree = "<group>"; };
		821D0F5F234B45BA00ACF966 /* ImagesListViewModel.swift */ = {isa = PBXFileReference; fileEncoding = 4; lastKnownFileType = sourcecode.swift; path = ImagesListViewModel.swift; sourceTree = "<group>"; };
		821D0F71234B47FF00ACF966 /* ImageViewCell.swift */ = {isa = PBXFileReference; lastKnownFileType = sourcecode.swift; path = ImageViewCell.swift; sourceTree = "<group>"; };
		821D0F73234B4C2700ACF966 /* Constants.swift */ = {isa = PBXFileReference; lastKnownFileType = sourcecode.swift; path = Constants.swift; sourceTree = "<group>"; };
		8290BA1A234B867900160054 /* ImageCacher.swift */ = {isa = PBXFileReference; lastKnownFileType = sourcecode.swift; path = ImageCacher.swift; sourceTree = "<group>"; };
		8290BA1C234C0CC200160054 /* ImageDetailViewController.swift */ = {isa = PBXFileReference; lastKnownFileType = sourcecode.swift; path = ImageDetailViewController.swift; sourceTree = "<group>"; };
		8290BA1E234C0EB500160054 /* CommentViewCell.swift */ = {isa = PBXFileReference; lastKnownFileType = sourcecode.swift; path = CommentViewCell.swift; sourceTree = "<group>"; };
		8290BA20234C102F00160054 /* CommentModels.swift */ = {isa = PBXFileReference; lastKnownFileType = sourcecode.swift; path = CommentModels.swift; sourceTree = "<group>"; };
		8290BA22234C151600160054 /* ImageDetailViewModel.swift */ = {isa = PBXFileReference; lastKnownFileType = sourcecode.swift; path = ImageDetailViewModel.swift; sourceTree = "<group>"; };
/* End PBXFileReference section */

/* Begin PBXFrameworksBuildPhase section */
		821D0F0F234B459C00ACF966 /* Frameworks */ = {
			isa = PBXFrameworksBuildPhase;
			buildActionMask = 2147483647;
			files = (
			);
			runOnlyForDeploymentPostprocessing = 0;
		};
		821D0F25234B459E00ACF966 /* Frameworks */ = {
			isa = PBXFrameworksBuildPhase;
			buildActionMask = 2147483647;
			files = (
			);
			runOnlyForDeploymentPostprocessing = 0;
		};
		821D0F30234B459E00ACF966 /* Frameworks */ = {
			isa = PBXFrameworksBuildPhase;
			buildActionMask = 2147483647;
			files = (
			);
			runOnlyForDeploymentPostprocessing = 0;
		};
/* End PBXFrameworksBuildPhase section */

/* Begin PBXGroup section */
		821D0F09234B459C00ACF966 = {
			isa = PBXGroup;
			children = (
				821D0F14234B459C00ACF966 /* ImgurViewer */,
				821D0F2B234B459E00ACF966 /* ImgurViewerTests */,
				821D0F36234B459E00ACF966 /* ImgurViewerUITests */,
				821D0F13234B459C00ACF966 /* Products */,
			);
			sourceTree = "<group>";
		};
		821D0F13234B459C00ACF966 /* Products */ = {
			isa = PBXGroup;
			children = (
				821D0F12234B459C00ACF966 /* ImgurViewer.app */,
				821D0F28234B459E00ACF966 /* ImgurViewerTests.xctest */,
				821D0F33234B459E00ACF966 /* ImgurViewerUITests.xctest */,
			);
			name = Products;
			sourceTree = "<group>";
		};
		821D0F14234B459C00ACF966 /* ImgurViewer */ = {
			isa = PBXGroup;
			children = (
				8290BA19234B864400160054 /* Helper */,
				821D0F4B234B45BA00ACF966 /* BaseNetworking */,
				821D0F5B234B45BA00ACF966 /* ViewModel */,
				821D0F45234B45BA00ACF966 /* Model */,
				821D0F47234B45BA00ACF966 /* View */,
				821D0F15234B459C00ACF966 /* AppDelegate.swift */,
				821D0F17234B459C00ACF966 /* SceneDelegate.swift */,
				821D0F1B234B459C00ACF966 /* Main.storyboard */,
				821D0F1E234B459E00ACF966 /* Assets.xcassets */,
				821D0F20234B459E00ACF966 /* LaunchScreen.storyboard */,
				821D0F23234B459E00ACF966 /* Info.plist */,
				821D0F73234B4C2700ACF966 /* Constants.swift */,
			);
			path = ImgurViewer;
			sourceTree = "<group>";
		};
		821D0F2B234B459E00ACF966 /* ImgurViewerTests */ = {
			isa = PBXGroup;
			children = (
				821D0F2C234B459E00ACF966 /* ImgurViewerTests.swift */,
				821D0F2E234B459E00ACF966 /* Info.plist */,
			);
			path = ImgurViewerTests;
			sourceTree = "<group>";
		};
		821D0F36234B459E00ACF966 /* ImgurViewerUITests */ = {
			isa = PBXGroup;
			children = (
				821D0F37234B459E00ACF966 /* ImgurViewerUITests.swift */,
				821D0F39234B459E00ACF966 /* Info.plist */,
			);
			path = ImgurViewerUITests;
			sourceTree = "<group>";
		};
		821D0F45234B45BA00ACF966 /* Model */ = {
			isa = PBXGroup;
			children = (
				821D0F46234B45BA00ACF966 /* ImageModel.swift */,
				8290BA20234C102F00160054 /* CommentModels.swift */,
			);
			path = Model;
			sourceTree = "<group>";
		};
		821D0F47234B45BA00ACF966 /* View */ = {
			isa = PBXGroup;
			children = (
				821D0F48234B45BA00ACF966 /* Subviews */,
				821D0F4A234B45BA00ACF966 /* ImagesListViewController.swift */,
				8290BA1C234C0CC200160054 /* ImageDetailViewController.swift */,
			);
			path = View;
			sourceTree = "<group>";
		};
		821D0F48234B45BA00ACF966 /* Subviews */ = {
			isa = PBXGroup;
			children = (
				821D0F71234B47FF00ACF966 /* ImageViewCell.swift */,
				8290BA1E234C0EB500160054 /* CommentViewCell.swift */,
			);
			path = Subviews;
			sourceTree = "<group>";
		};
		821D0F4B234B45BA00ACF966 /* BaseNetworking */ = {
			isa = PBXGroup;
			children = (
				821D0F4C234B45BA00ACF966 /* Encoding */,
				821D0F51234B45BA00ACF966 /* Manager */,
				821D0F53234B45BA00ACF966 /* EndPoint */,
				821D0F55234B45BA00ACF966 /* Service */,
			);
			path = BaseNetworking;
			sourceTree = "<group>";
		};
		821D0F4C234B45BA00ACF966 /* Encoding */ = {
			isa = PBXGroup;
			children = (
				821D0F4D234B45BA00ACF966 /* ParameterEncoding.swift */,
				821D0F4E234B45BA00ACF966 /* URLParameterEncoding.swift */,
				821D0F4F234B45BA00ACF966 /* JSONParameterEncoder.swift */,
				821D0F50234B45BA00ACF966 /* BodyURLParameterEncoding.swift */,
			);
			path = Encoding;
			sourceTree = "<group>";
		};
		821D0F51234B45BA00ACF966 /* Manager */ = {
			isa = PBXGroup;
			children = (
				821D0F52234B45BA00ACF966 /* NetworkManager.swift */,
			);
			path = Manager;
			sourceTree = "<group>";
		};
		821D0F53234B45BA00ACF966 /* EndPoint */ = {
			isa = PBXGroup;
			children = (
				821D0F54234B45BA00ACF966 /* EndPointOptions.swift */,
			);
			path = EndPoint;
			sourceTree = "<group>";
		};
		821D0F55234B45BA00ACF966 /* Service */ = {
			isa = PBXGroup;
			children = (
				821D0F56234B45BA00ACF966 /* HTTPTask.swift */,
				821D0F57234B45BA00ACF966 /* HTTPMethod.swift */,
				821D0F58234B45BA00ACF966 /* Router.swift */,
				821D0F59234B45BA00ACF966 /* NetworkLogger.swift */,
				821D0F5A234B45BA00ACF966 /* EndPointType.swift */,
			);
			path = Service;
			sourceTree = "<group>";
		};
		821D0F5B234B45BA00ACF966 /* ViewModel */ = {
			isa = PBXGroup;
			children = (
				821D0F5C234B45BA00ACF966 /* ImagesNetworking */,
				821D0F5F234B45BA00ACF966 /* ImagesListViewModel.swift */,
				8290BA22234C151600160054 /* ImageDetailViewModel.swift */,
			);
			path = ViewModel;
			sourceTree = "<group>";
		};
		821D0F5C234B45BA00ACF966 /* ImagesNetworking */ = {
			isa = PBXGroup;
			children = (
				821D0F76234B6B3000ACF966 /* NetworkManager */,
				821D0F75234B6B2200ACF966 /* Endpoints */,
			);
			path = ImagesNetworking;
			sourceTree = "<group>";
		};
		821D0F75234B6B2200ACF966 /* Endpoints */ = {
			isa = PBXGroup;
			children = (
				821D0F5D234B45BA00ACF966 /* ImagesEndpoints.swift */,
			);
			path = Endpoints;
			sourceTree = "<group>";
		};
		821D0F76234B6B3000ACF966 /* NetworkManager */ = {
			isa = PBXGroup;
			children = (
				821D0F5E234B45BA00ACF966 /* ImagesNetworkManager.swift */,
			);
			path = NetworkManager;
			sourceTree = "<group>";
		};
		8290BA19234B864400160054 /* Helper */ = {
			isa = PBXGroup;
			children = (
				8290BA1A234B867900160054 /* ImageCacher.swift */,
			);
			path = Helper;
			sourceTree = "<group>";
		};
/* End PBXGroup section */

/* Begin PBXNativeTarget section */
		821D0F11234B459C00ACF966 /* ImgurViewer */ = {
			isa = PBXNativeTarget;
			buildConfigurationList = 821D0F3C234B459E00ACF966 /* Build configuration list for PBXNativeTarget "ImgurViewer" */;
			buildPhases = (
				821D0F0E234B459C00ACF966 /* Sources */,
				821D0F0F234B459C00ACF966 /* Frameworks */,
				821D0F10234B459C00ACF966 /* Resources */,
			);
			buildRules = (
			);
			dependencies = (
			);
			name = ImgurViewer;
			productName = ImgurViewer;
			productReference = 821D0F12234B459C00ACF966 /* ImgurViewer.app */;
			productType = "com.apple.product-type.application";
		};
		821D0F27234B459E00ACF966 /* ImgurViewerTests */ = {
			isa = PBXNativeTarget;
			buildConfigurationList = 821D0F3F234B459E00ACF966 /* Build configuration list for PBXNativeTarget "ImgurViewerTests" */;
			buildPhases = (
				821D0F24234B459E00ACF966 /* Sources */,
				821D0F25234B459E00ACF966 /* Frameworks */,
				821D0F26234B459E00ACF966 /* Resources */,
			);
			buildRules = (
			);
			dependencies = (
				821D0F2A234B459E00ACF966 /* PBXTargetDependency */,
			);
			name = ImgurViewerTests;
			productName = ImgurViewerTests;
			productReference = 821D0F28234B459E00ACF966 /* ImgurViewerTests.xctest */;
			productType = "com.apple.product-type.bundle.unit-test";
		};
		821D0F32234B459E00ACF966 /* ImgurViewerUITests */ = {
			isa = PBXNativeTarget;
			buildConfigurationList = 821D0F42234B459E00ACF966 /* Build configuration list for PBXNativeTarget "ImgurViewerUITests" */;
			buildPhases = (
				821D0F2F234B459E00ACF966 /* Sources */,
				821D0F30234B459E00ACF966 /* Frameworks */,
				821D0F31234B459E00ACF966 /* Resources */,
			);
			buildRules = (
			);
			dependencies = (
				821D0F35234B459E00ACF966 /* PBXTargetDependency */,
			);
			name = ImgurViewerUITests;
			productName = ImgurViewerUITests;
			productReference = 821D0F33234B459E00ACF966 /* ImgurViewerUITests.xctest */;
			productType = "com.apple.product-type.bundle.ui-testing";
		};
/* End PBXNativeTarget section */

/* Begin PBXProject section */
		821D0F0A234B459C00ACF966 /* Project object */ = {
			isa = PBXProject;
			attributes = {
				LastSwiftUpdateCheck = 1100;
				LastUpgradeCheck = 1100;
				ORGANIZATIONNAME = sargis;
				TargetAttributes = {
					821D0F11234B459C00ACF966 = {
						CreatedOnToolsVersion = 11.0;
					};
					821D0F27234B459E00ACF966 = {
						CreatedOnToolsVersion = 11.0;
						TestTargetID = 821D0F11234B459C00ACF966;
					};
					821D0F32234B459E00ACF966 = {
						CreatedOnToolsVersion = 11.0;
						TestTargetID = 821D0F11234B459C00ACF966;
					};
				};
			};
			buildConfigurationList = 821D0F0D234B459C00ACF966 /* Build configuration list for PBXProject "ImgurViewer" */;
			compatibilityVersion = "Xcode 9.3";
			developmentRegion = en;
			hasScannedForEncodings = 0;
			knownRegions = (
				en,
				Base,
			);
			mainGroup = 821D0F09234B459C00ACF966;
			productRefGroup = 821D0F13234B459C00ACF966 /* Products */;
			projectDirPath = "";
			projectRoot = "";
			targets = (
				821D0F11234B459C00ACF966 /* ImgurViewer */,
				821D0F27234B459E00ACF966 /* ImgurViewerTests */,
				821D0F32234B459E00ACF966 /* ImgurViewerUITests */,
			);
		};
/* End PBXProject section */

/* Begin PBXResourcesBuildPhase section */
		821D0F10234B459C00ACF966 /* Resources */ = {
			isa = PBXResourcesBuildPhase;
			buildActionMask = 2147483647;
			files = (
				821D0F22234B459E00ACF966 /* LaunchScreen.storyboard in Resources */,
				821D0F1F234B459E00ACF966 /* Assets.xcassets in Resources */,
				821D0F1D234B459C00ACF966 /* Main.storyboard in Resources */,
			);
			runOnlyForDeploymentPostprocessing = 0;
		};
		821D0F26234B459E00ACF966 /* Resources */ = {
			isa = PBXResourcesBuildPhase;
			buildActionMask = 2147483647;
			files = (
			);
			runOnlyForDeploymentPostprocessing = 0;
		};
		821D0F31234B459E00ACF966 /* Resources */ = {
			isa = PBXResourcesBuildPhase;
			buildActionMask = 2147483647;
			files = (
			);
			runOnlyForDeploymentPostprocessing = 0;
		};
/* End PBXResourcesBuildPhase section */

/* Begin PBXSourcesBuildPhase section */
		821D0F0E234B459C00ACF966 /* Sources */ = {
			isa = PBXSourcesBuildPhase;
			buildActionMask = 2147483647;
			files = (
				821D0F64234B45BA00ACF966 /* URLParameterEncoding.swift in Sources */,
				821D0F63234B45BA00ACF966 /* ParameterEncoding.swift in Sources */,
				821D0F70234B45BA00ACF966 /* ImagesListViewModel.swift in Sources */,
				821D0F6A234B45BA00ACF966 /* HTTPMethod.swift in Sources */,
				821D0F66234B45BA00ACF966 /* BodyURLParameterEncoding.swift in Sources */,
				8290BA1F234C0EB500160054 /* CommentViewCell.swift in Sources */,
				821D0F67234B45BA00ACF966 /* NetworkManager.swift in Sources */,
				821D0F69234B45BA00ACF966 /* HTTPTask.swift in Sources */,
				821D0F6B234B45BA00ACF966 /* Router.swift in Sources */,
				821D0F6C234B45BA00ACF966 /* NetworkLogger.swift in Sources */,
				821D0F16234B459C00ACF966 /* AppDelegate.swift in Sources */,
				821D0F60234B45BA00ACF966 /* ImageModel.swift in Sources */,
				821D0F72234B47FF00ACF966 /* ImageViewCell.swift in Sources */,
				821D0F65234B45BA00ACF966 /* JSONParameterEncoder.swift in Sources */,
				8290BA1D234C0CC200160054 /* ImageDetailViewController.swift in Sources */,
				8290BA23234C151600160054 /* ImageDetailViewModel.swift in Sources */,
				821D0F18234B459C00ACF966 /* SceneDelegate.swift in Sources */,
				821D0F6D234B45BA00ACF966 /* EndPointType.swift in Sources */,
				821D0F74234B4C2700ACF966 /* Constants.swift in Sources */,
				821D0F68234B45BA00ACF966 /* EndPointOptions.swift in Sources */,
				8290BA1B234B867900160054 /* ImageCacher.swift in Sources */,
				821D0F6F234B45BA00ACF966 /* ImagesNetworkManager.swift in Sources */,
				8290BA21234C102F00160054 /* CommentModels.swift in Sources */,
				821D0F6E234B45BA00ACF966 /* ImagesEndpoints.swift in Sources */,
				821D0F62234B45BA00ACF966 /* ImagesListViewController.swift in Sources */,
			);
			runOnlyForDeploymentPostprocessing = 0;
		};
		821D0F24234B459E00ACF966 /* Sources */ = {
			isa = PBXSourcesBuildPhase;
			buildActionMask = 2147483647;
			files = (
				821D0F2D234B459E00ACF966 /* ImgurViewerTests.swift in Sources */,
			);
			runOnlyForDeploymentPostprocessing = 0;
		};
		821D0F2F234B459E00ACF966 /* Sources */ = {
			isa = PBXSourcesBuildPhase;
			buildActionMask = 2147483647;
			files = (
				821D0F38234B459E00ACF966 /* ImgurViewerUITests.swift in Sources */,
			);
			runOnlyForDeploymentPostprocessing = 0;
		};
/* End PBXSourcesBuildPhase section */

/* Begin PBXTargetDependency section */
		821D0F2A234B459E00ACF966 /* PBXTargetDependency */ = {
			isa = PBXTargetDependency;
			target = 821D0F11234B459C00ACF966 /* ImgurViewer */;
			targetProxy = 821D0F29234B459E00ACF966 /* PBXContainerItemProxy */;
		};
		821D0F35234B459E00ACF966 /* PBXTargetDependency */ = {
			isa = PBXTargetDependency;
			target = 821D0F11234B459C00ACF966 /* ImgurViewer */;
			targetProxy = 821D0F34234B459E00ACF966 /* PBXContainerItemProxy */;
		};
/* End PBXTargetDependency section */

/* Begin PBXVariantGroup section */
		821D0F1B234B459C00ACF966 /* Main.storyboard */ = {
			isa = PBXVariantGroup;
			children = (
				821D0F1C234B459C00ACF966 /* Base */,
			);
			name = Main.storyboard;
			sourceTree = "<group>";
		};
		821D0F20234B459E00ACF966 /* LaunchScreen.storyboard */ = {
			isa = PBXVariantGroup;
			children = (
				821D0F21234B459E00ACF966 /* Base */,
			);
			name = LaunchScreen.storyboard;
			sourceTree = "<group>";
		};
/* End PBXVariantGroup section */

/* Begin XCBuildConfiguration section */
		821D0F3A234B459E00ACF966 /* Debug */ = {
			isa = XCBuildConfiguration;
			buildSettings = {
				ALWAYS_SEARCH_USER_PATHS = NO;
				CLANG_ANALYZER_NONNULL = YES;
				CLANG_ANALYZER_NUMBER_OBJECT_CONVERSION = YES_AGGRESSIVE;
				CLANG_CXX_LANGUAGE_STANDARD = "gnu++14";
				CLANG_CXX_LIBRARY = "libc++";
				CLANG_ENABLE_MODULES = YES;
				CLANG_ENABLE_OBJC_ARC = YES;
				CLANG_ENABLE_OBJC_WEAK = YES;
				CLANG_WARN_BLOCK_CAPTURE_AUTORELEASING = YES;
				CLANG_WARN_BOOL_CONVERSION = YES;
				CLANG_WARN_COMMA = YES;
				CLANG_WARN_CONSTANT_CONVERSION = YES;
				CLANG_WARN_DEPRECATED_OBJC_IMPLEMENTATIONS = YES;
				CLANG_WARN_DIRECT_OBJC_ISA_USAGE = YES_ERROR;
				CLANG_WARN_DOCUMENTATION_COMMENTS = YES;
				CLANG_WARN_EMPTY_BODY = YES;
				CLANG_WARN_ENUM_CONVERSION = YES;
				CLANG_WARN_INFINITE_RECURSION = YES;
				CLANG_WARN_INT_CONVERSION = YES;
				CLANG_WARN_NON_LITERAL_NULL_CONVERSION = YES;
				CLANG_WARN_OBJC_IMPLICIT_RETAIN_SELF = YES;
				CLANG_WARN_OBJC_LITERAL_CONVERSION = YES;
				CLANG_WARN_OBJC_ROOT_CLASS = YES_ERROR;
				CLANG_WARN_RANGE_LOOP_ANALYSIS = YES;
				CLANG_WARN_STRICT_PROTOTYPES = YES;
				CLANG_WARN_SUSPICIOUS_MOVE = YES;
				CLANG_WARN_UNGUARDED_AVAILABILITY = YES_AGGRESSIVE;
				CLANG_WARN_UNREACHABLE_CODE = YES;
				CLANG_WARN__DUPLICATE_METHOD_MATCH = YES;
				COPY_PHASE_STRIP = NO;
				DEBUG_INFORMATION_FORMAT = dwarf;
				ENABLE_STRICT_OBJC_MSGSEND = YES;
				ENABLE_TESTABILITY = YES;
				GCC_C_LANGUAGE_STANDARD = gnu11;
				GCC_DYNAMIC_NO_PIC = NO;
				GCC_NO_COMMON_BLOCKS = YES;
				GCC_OPTIMIZATION_LEVEL = 0;
				GCC_PREPROCESSOR_DEFINITIONS = (
					"DEBUG=1",
					"$(inherited)",
				);
				GCC_WARN_64_TO_32_BIT_CONVERSION = YES;
				GCC_WARN_ABOUT_RETURN_TYPE = YES_ERROR;
				GCC_WARN_UNDECLARED_SELECTOR = YES;
				GCC_WARN_UNINITIALIZED_AUTOS = YES_AGGRESSIVE;
				GCC_WARN_UNUSED_FUNCTION = YES;
				GCC_WARN_UNUSED_VARIABLE = YES;
				IPHONEOS_DEPLOYMENT_TARGET = 13.0;
				MTL_ENABLE_DEBUG_INFO = INCLUDE_SOURCE;
				MTL_FAST_MATH = YES;
				ONLY_ACTIVE_ARCH = YES;
				SDKROOT = iphoneos;
				SWIFT_ACTIVE_COMPILATION_CONDITIONS = DEBUG;
				SWIFT_OPTIMIZATION_LEVEL = "-Onone";
			};
			name = Debug;
		};
		821D0F3B234B459E00ACF966 /* Release */ = {
			isa = XCBuildConfiguration;
			buildSettings = {
				ALWAYS_SEARCH_USER_PATHS = NO;
				CLANG_ANALYZER_NONNULL = YES;
				CLANG_ANALYZER_NUMBER_OBJECT_CONVERSION = YES_AGGRESSIVE;
				CLANG_CXX_LANGUAGE_STANDARD = "gnu++14";
				CLANG_CXX_LIBRARY = "libc++";
				CLANG_ENABLE_MODULES = YES;
				CLANG_ENABLE_OBJC_ARC = YES;
				CLANG_ENABLE_OBJC_WEAK = YES;
				CLANG_WARN_BLOCK_CAPTURE_AUTORELEASING = YES;
				CLANG_WARN_BOOL_CONVERSION = YES;
				CLANG_WARN_COMMA = YES;
				CLANG_WARN_CONSTANT_CONVERSION = YES;
				CLANG_WARN_DEPRECATED_OBJC_IMPLEMENTATIONS = YES;
				CLANG_WARN_DIRECT_OBJC_ISA_USAGE = YES_ERROR;
				CLANG_WARN_DOCUMENTATION_COMMENTS = YES;
				CLANG_WARN_EMPTY_BODY = YES;
				CLANG_WARN_ENUM_CONVERSION = YES;
				CLANG_WARN_INFINITE_RECURSION = YES;
				CLANG_WARN_INT_CONVERSION = YES;
				CLANG_WARN_NON_LITERAL_NULL_CONVERSION = YES;
				CLANG_WARN_OBJC_IMPLICIT_RETAIN_SELF = YES;
				CLANG_WARN_OBJC_LITERAL_CONVERSION = YES;
				CLANG_WARN_OBJC_ROOT_CLASS = YES_ERROR;
				CLANG_WARN_RANGE_LOOP_ANALYSIS = YES;
				CLANG_WARN_STRICT_PROTOTYPES = YES;
				CLANG_WARN_SUSPICIOUS_MOVE = YES;
				CLANG_WARN_UNGUARDED_AVAILABILITY = YES_AGGRESSIVE;
				CLANG_WARN_UNREACHABLE_CODE = YES;
				CLANG_WARN__DUPLICATE_METHOD_MATCH = YES;
				COPY_PHASE_STRIP = NO;
				DEBUG_INFORMATION_FORMAT = "dwarf-with-dsym";
				ENABLE_NS_ASSERTIONS = NO;
				ENABLE_STRICT_OBJC_MSGSEND = YES;
				GCC_C_LANGUAGE_STANDARD = gnu11;
				GCC_NO_COMMON_BLOCKS = YES;
				GCC_WARN_64_TO_32_BIT_CONVERSION = YES;
				GCC_WARN_ABOUT_RETURN_TYPE = YES_ERROR;
				GCC_WARN_UNDECLARED_SELECTOR = YES;
				GCC_WARN_UNINITIALIZED_AUTOS = YES_AGGRESSIVE;
				GCC_WARN_UNUSED_FUNCTION = YES;
				GCC_WARN_UNUSED_VARIABLE = YES;
				IPHONEOS_DEPLOYMENT_TARGET = 13.0;
				MTL_ENABLE_DEBUG_INFO = NO;
				MTL_FAST_MATH = YES;
				SDKROOT = iphoneos;
				SWIFT_COMPILATION_MODE = wholemodule;
				SWIFT_OPTIMIZATION_LEVEL = "-O";
				VALIDATE_PRODUCT = YES;
			};
			name = Release;
		};
		821D0F3D234B459E00ACF966 /* Debug */ = {
			isa = XCBuildConfiguration;
			buildSettings = {
				ASSETCATALOG_COMPILER_APPICON_NAME = AppIcon;
				CODE_SIGN_STYLE = Automatic;
				DEVELOPMENT_TEAM = 7T5ESUR6XP;
				INFOPLIST_FILE = ImgurViewer/Info.plist;
				LD_RUNPATH_SEARCH_PATHS = (
					"$(inherited)",
					"@executable_path/Frameworks",
				);
				PRODUCT_BUNDLE_IDENTIFIER = sargis.ImgurViewer;
				PRODUCT_NAME = "$(TARGET_NAME)";
				SWIFT_VERSION = 5.0;
				TARGETED_DEVICE_FAMILY = "1,2";
			};
			name = Debug;
		};
		821D0F3E234B459E00ACF966 /* Release */ = {
			isa = XCBuildConfiguration;
			buildSettings = {
				ASSETCATALOG_COMPILER_APPICON_NAME = AppIcon;
				CODE_SIGN_STYLE = Automatic;
				DEVELOPMENT_TEAM = 7T5ESUR6XP;
				INFOPLIST_FILE = ImgurViewer/Info.plist;
				LD_RUNPATH_SEARCH_PATHS = (
					"$(inherited)",
					"@executable_path/Frameworks",
				);
				PRODUCT_BUNDLE_IDENTIFIER = sargis.ImgurViewer;
				PRODUCT_NAME = "$(TARGET_NAME)";
				SWIFT_VERSION = 5.0;
				TARGETED_DEVICE_FAMILY = "1,2";
			};
			name = Release;
		};
		821D0F40234B459E00ACF966 /* Debug */ = {
			isa = XCBuildConfiguration;
			buildSettings = {
				ALWAYS_EMBED_SWIFT_STANDARD_LIBRARIES = YES;
				BUNDLE_LOADER = "$(TEST_HOST)";
				CODE_SIGN_STYLE = Automatic;
				DEVELOPMENT_TEAM = 7T5ESUR6XP;
				INFOPLIST_FILE = ImgurViewerTests/Info.plist;
				IPHONEOS_DEPLOYMENT_TARGET = 13.0;
				LD_RUNPATH_SEARCH_PATHS = (
					"$(inherited)",
					"@executable_path/Frameworks",
					"@loader_path/Frameworks",
				);
				PRODUCT_BUNDLE_IDENTIFIER = sargis.ImgurViewerTests;
				PRODUCT_NAME = "$(TARGET_NAME)";
				SWIFT_VERSION = 5.0;
				TARGETED_DEVICE_FAMILY = "1,2";
				TEST_HOST = "$(BUILT_PRODUCTS_DIR)/ImgurViewer.app/ImgurViewer";
			};
			name = Debug;
		};
		821D0F41234B459E00ACF966 /* Release */ = {
			isa = XCBuildConfiguration;
			buildSettings = {
				ALWAYS_EMBED_SWIFT_STANDARD_LIBRARIES = YES;
				BUNDLE_LOADER = "$(TEST_HOST)";
				CODE_SIGN_STYLE = Automatic;
				DEVELOPMENT_TEAM = 7T5ESUR6XP;
				INFOPLIST_FILE = ImgurViewerTests/Info.plist;
				IPHONEOS_DEPLOYMENT_TARGET = 13.0;
				LD_RUNPATH_SEARCH_PATHS = (
					"$(inherited)",
					"@executable_path/Frameworks",
					"@loader_path/Frameworks",
				);
				PRODUCT_BUNDLE_IDENTIFIER = sargis.ImgurViewerTests;
				PRODUCT_NAME = "$(TARGET_NAME)";
				SWIFT_VERSION = 5.0;
				TARGETED_DEVICE_FAMILY = "1,2";
				TEST_HOST = "$(BUILT_PRODUCTS_DIR)/ImgurViewer.app/ImgurViewer";
			};
			name = Release;
		};
		821D0F43234B459E00ACF966 /* Debug */ = {
			isa = XCBuildConfiguration;
			buildSettings = {
				ALWAYS_EMBED_SWIFT_STANDARD_LIBRARIES = YES;
				CODE_SIGN_STYLE = Automatic;
				DEVELOPMENT_TEAM = 7T5ESUR6XP;
				INFOPLIST_FILE = ImgurViewerUITests/Info.plist;
				LD_RUNPATH_SEARCH_PATHS = (
					"$(inherited)",
					"@executable_path/Frameworks",
					"@loader_path/Frameworks",
				);
				PRODUCT_BUNDLE_IDENTIFIER = sargis.ImgurViewerUITests;
				PRODUCT_NAME = "$(TARGET_NAME)";
				SWIFT_VERSION = 5.0;
				TARGETED_DEVICE_FAMILY = "1,2";
				TEST_TARGET_NAME = ImgurViewer;
			};
			name = Debug;
		};
		821D0F44234B459E00ACF966 /* Release */ = {
			isa = XCBuildConfiguration;
			buildSettings = {
				ALWAYS_EMBED_SWIFT_STANDARD_LIBRARIES = YES;
				CODE_SIGN_STYLE = Automatic;
				DEVELOPMENT_TEAM = 7T5ESUR6XP;
				INFOPLIST_FILE = ImgurViewerUITests/Info.plist;
				LD_RUNPATH_SEARCH_PATHS = (
					"$(inherited)",
					"@executable_path/Frameworks",
					"@loader_path/Frameworks",
				);
				PRODUCT_BUNDLE_IDENTIFIER = sargis.ImgurViewerUITests;
				PRODUCT_NAME = "$(TARGET_NAME)";
				SWIFT_VERSION = 5.0;
				TARGETED_DEVICE_FAMILY = "1,2";
				TEST_TARGET_NAME = ImgurViewer;
			};
			name = Release;
		};
/* End XCBuildConfiguration section */

/* Begin XCConfigurationList section */
		821D0F0D234B459C00ACF966 /* Build configuration list for PBXProject "ImgurViewer" */ = {
			isa = XCConfigurationList;
			buildConfigurations = (
				821D0F3A234B459E00ACF966 /* Debug */,
				821D0F3B234B459E00ACF966 /* Release */,
			);
			defaultConfigurationIsVisible = 0;
			defaultConfigurationName = Release;
		};
		821D0F3C234B459E00ACF966 /* Build configuration list for PBXNativeTarget "ImgurViewer" */ = {
			isa = XCConfigurationList;
			buildConfigurations = (
				821D0F3D234B459E00ACF966 /* Debug */,
				821D0F3E234B459E00ACF966 /* Release */,
			);
			defaultConfigurationIsVisible = 0;
			defaultConfigurationName = Release;
		};
		821D0F3F234B459E00ACF966 /* Build configuration list for PBXNativeTarget "ImgurViewerTests" */ = {
			isa = XCConfigurationList;
			buildConfigurations = (
				821D0F40234B459E00ACF966 /* Debug */,
				821D0F41234B459E00ACF966 /* Release */,
			);
			defaultConfigurationIsVisible = 0;
			defaultConfigurationName = Release;
		};
		821D0F42234B459E00ACF966 /* Build configuration list for PBXNativeTarget "ImgurViewerUITests" */ = {
			isa = XCConfigurationList;
			buildConfigurations = (
				821D0F43234B459E00ACF966 /* Debug */,
				821D0F44234B459E00ACF966 /* Release */,
			);
			defaultConfigurationIsVisible = 0;
			defaultConfigurationName = Release;
		};
/* End XCConfigurationList section */
	};
	rootObject = 821D0F0A234B459C00ACF966 /* Project object */;
}
